{
  "name": "carvelli-io",
  "version": "1.0.0",
  "lockfileVersion": 3,
  "requires": true,
  "packages": {
    "": {
      "name": "carvelli-io",
      "version": "1.0.0",
      "license": "ISC",
      "dependencies": {
        "liquidjs": "^10.25.5"
      }
    },
    "node_modules/commander": {
      "version": "10.0.1",
      "resolved": "https://registry.npmjs.org/commander/-/commander-10.0.1.tgz",
      "integrity": "sha512-y4Mg2tXshplEbSGzx7amzPwKKOCGuoSRP/CjEdwwk0FOGlUbq6lKuoyDZTNZkmxHdJtp54hdfY/JUrdL7Xfdug==",
      "engines": {
        "node": ">=14"
      }
    },
    "node_modules/liquidjs": {
      "version": "10.25.5",
      "resolved": "https://registry.npmjs.org/liquidjs/-/liquidjs-10.25.5.tgz",
      "integrity": "sha512-GKiKeZjJDdVoQAu+S9rzkYsYnYhcep5W3WwZXgb5f+yq484P/k9JqamBbGYu+LBEixcUAXZr2jogdAIjB3ki1w==",
      "license": "MIT",
      "dependencies": {
        "commander": "^10.0.0"
      },
      "bin": {
        "liquid": "bin/liquid.js",
        "liquidjs": "bin/liquid.js"
      },
      "engines": {
        "node": ">=16"
      },
      "funding": {
        "type": "opencollective",
        "url": "https://opencollective.com/liquidjs"
      }
    }
  }
}
